{
  "nodes": {
    "home-manager": {
      "inputs": {
        "nixpkgs": [
          "nixpkgs"
        ]
      },
      "locked": {
        "lastModified": 1751760902,
        "narHash": "sha256-qBGNn7T/zOgUDQTo/RM/D2oxMkB2x36j3ajvpVanEVs=",
        "owner": "nix-community",
        "repo": "home-manager",
        "rev": "8b0180dde1d6f4cf632e046309e8f963924dfbd0",
        "type": "github"
      },
      "original": {
        "owner": "nix-community",
        "repo": "home-manager",
        "type": "github"
      }
    },
    "nixpkgs": {
      "locked": {
        "lastModified": 1751637120,
        "narHash": "sha256-xVNy/XopSfIG9c46nRmPaKfH1Gn/56vQ8++xWA8itO4=",
        "owner": "nixos",
        "repo": "nixpkgs",
        "rev": "5c724ed1388e53cc231ed98330a60eb2f7be4be3",
        "type": "github"
      },
      "original": {
        "owner": "nixos",
        "ref": "nixos-unstable",
        "repo": "nixpkgs",
        "type": "github"
      }
    },
    "nvim-dependencies": {
      "inputs": {
        "nixpkgs": [
          "nixpkgs"
        ]
      },
      "locked": {
        "lastModified": 1751707407,
        "narHash": "sha256-ag+0Jhlj2rWFvBq/y41HJWF4auSjL0JYE3fox255I7E=",
        "ref": "refs/heads/main",
        "rev": "520e55920f5a3c00251dd94eb3775d0f496f10b0",
        "revCount": 11,
        "type": "git",
        "url": "file://git:/home/shiphan/.config/nvim"
      },
      "original": {
        "type": "git",
        "url": "file://git:/home/shiphan/.config/nvim"
      }
    },
    "root": {
      "inputs": {
        "home-manager": "home-manager",
        "nixpkgs": "nixpkgs",
        "nvim-dependencies": "nvim-dependencies"
      }
    }
  },
  "root": "root",
  "version": 7
}
